
Microsoft Visual Studio Solution File, Format Version 12.00
# Visual Studio Version 17
VisualStudioVersion = 17.2.32616.157
MinimumVisualStudioVersion = 10.0.40219.1
Project("{FAE04EC0-301F-11D3-BF4B-00C04F79EFBC}") = "HomeWork7", "HomeWork7\HomeWork7.csproj", "{6BF8D49F-19CE-4839-9D61-1302DCC20C82}"
EndProject
Global
	GlobalSection(SolutionConfigurationPlatforms) = preSolution
		Debug|Any CPU = Debug|Any CPU
		Release|Any CPU = Release|Any CPU
	EndGlobalSection
	GlobalSection(ProjectConfigurationPlatforms) = postSolution
		{6BF8D49F-19CE-4839-9D61-1302DCC20C82}.Debug|Any CPU.ActiveCfg = Debug|Any CPU
		{6BF8D49F-19CE-4839-9D61-1302DCC20C82}.Debug|Any CPU.Build.0 = Debug|Any CPU
		{6BF8D49F-19CE-4839-9D61-1302DCC20C82}.Release|Any CPU.ActiveCfg = Release|Any CPU
		{6BF8D49F-19CE-4839-9D61-1302DCC20C82}.Release|Any CPU.Build.0 = Release|Any CPU
	EndGlobalSection
	GlobalSection(SolutionProperties) = preSolution
		HideSolutionNode = FALSE
	EndGlobalSection
	GlobalSection(ExtensibilityGlobals) = postSolution
		SolutionGuid = {E82C7892-F40B-4920-8629-2E63E13F9869}
	EndGlobalSection
EndGlobal
